
Microsoft Visual Studio Solution File, Format Version 12.00
# Visual Studio Version 17
VisualStudioVersion = 17.7.34202.233
MinimumVisualStudioVersion = 10.0.40219.1
Project("{FAE04EC0-301F-11D3-BF4B-00C04F79EFBC}") = "WebApiRest", "WebApiRest\WebApiRest.csproj", "{46A673AA-54A7-4B3D-9945-E6A9DF9D517E}"
EndProject
Global
	GlobalSection(SolutionConfigurationPlatforms) = preSolution
		Debug|Any CPU = Debug|Any CPU
		Release|Any CPU = Release|Any CPU
	EndGlobalSection
	GlobalSection(ProjectConfigurationPlatforms) = postSolution
		{46A673AA-54A7-4B3D-9945-E6A9DF9D517E}.Debug|Any CPU.ActiveCfg = Debug|Any CPU
		{46A673AA-54A7-4B3D-9945-E6A9DF9D517E}.Debug|Any CPU.Build.0 = Debug|Any CPU
		{46A673AA-54A7-4B3D-9945-E6A9DF9D517E}.Release|Any CPU.ActiveCfg = Release|Any CPU
		{46A673AA-54A7-4B3D-9945-E6A9DF9D517E}.Release|Any CPU.Build.0 = Release|Any CPU
	EndGlobalSection
	GlobalSection(SolutionProperties) = preSolution
		HideSolutionNode = FALSE
	EndGlobalSection
	GlobalSection(ExtensibilityGlobals) = postSolution
		SolutionGuid = {6ECEB367-64AC-47C0-AC16-695F63B31A5E}
	EndGlobalSection
EndGlobal
