
Microsoft Visual Studio Solution File, Format Version 12.00
# Visual Studio Version 17
VisualStudioVersion = 17.2.32516.85
MinimumVisualStudioVersion = 10.0.40219.1
Project("{FAE04EC0-301F-11D3-BF4B-00C04F79EFBC}") = "CRUDEstatus", "CRUDEstatus\CRUDEstatus.csproj", "{E66A2DD4-C64E-43B1-8161-5E970531A780}"
EndProject
Global
	GlobalSection(SolutionConfigurationPlatforms) = preSolution
		Debug|Any CPU = Debug|Any CPU
		Release|Any CPU = Release|Any CPU
	EndGlobalSection
	GlobalSection(ProjectConfigurationPlatforms) = postSolution
		{E66A2DD4-C64E-43B1-8161-5E970531A780}.Debug|Any CPU.ActiveCfg = Debug|Any CPU
		{E66A2DD4-C64E-43B1-8161-5E970531A780}.Debug|Any CPU.Build.0 = Debug|Any CPU
		{E66A2DD4-C64E-43B1-8161-5E970531A780}.Release|Any CPU.ActiveCfg = Release|Any CPU
		{E66A2DD4-C64E-43B1-8161-5E970531A780}.Release|Any CPU.Build.0 = Release|Any CPU
	EndGlobalSection
	GlobalSection(SolutionProperties) = preSolution
		HideSolutionNode = FALSE
	EndGlobalSection
	GlobalSection(ExtensibilityGlobals) = postSolution
		SolutionGuid = {38B89D28-7A69-4E9C-B6B9-0985D46B85B1}
	EndGlobalSection
EndGlobal
